
Microsoft Visual Studio Solution File, Format Version 12.00
# Visual Studio Version 17
VisualStudioVersion = 17.9.34723.18
MinimumVisualStudioVersion = 10.0.40219.1
Project("{FAE04EC0-301F-11D3-BF4B-00C04F79EFBC}") = "App", "App\App.csproj", "{4BE610E4-DC27-4A8E-B902-FBD1A27281EF}"
EndProject
Global
	GlobalSection(SolutionConfigurationPlatforms) = preSolution
		Debug|Any CPU = Debug|Any CPU
		Release|Any CPU = Release|Any CPU
	EndGlobalSection
	GlobalSection(ProjectConfigurationPlatforms) = postSolution
		{4BE610E4-DC27-4A8E-B902-FBD1A27281EF}.Debug|Any CPU.ActiveCfg = Debug|Any CPU
		{4BE610E4-DC27-4A8E-B902-FBD1A27281EF}.Debug|Any CPU.Build.0 = Debug|Any CPU
		{4BE610E4-DC27-4A8E-B902-FBD1A27281EF}.Release|Any CPU.ActiveCfg = Release|Any CPU
		{4BE610E4-DC27-4A8E-B902-FBD1A27281EF}.Release|Any CPU.Build.0 = Release|Any CPU
	EndGlobalSection
	GlobalSection(SolutionProperties) = preSolution
		HideSolutionNode = FALSE
	EndGlobalSection
	GlobalSection(ExtensibilityGlobals) = postSolution
		SolutionGuid = {C8BAAD1A-580B-4FAC-9AD9-7F0AEA6911F9}
	EndGlobalSection
EndGlobal
